
Microsoft Visual Studio Solution File, Format Version 12.00
# Visual Studio Version 17
VisualStudioVersion = 17.11.35219.272
MinimumVisualStudioVersion = 10.0.40219.1
Project("{FAE04EC0-301F-11D3-BF4B-00C04F79EFBC}") = "PayFlow", "PayFlow\PayFlow.csproj", "{6214F50F-2EEC-4BE5-9320-C986A3F6E524}"
EndProject
Global
	GlobalSection(SolutionConfigurationPlatforms) = preSolution
		Debug|Any CPU = Debug|Any CPU
		Release|Any CPU = Release|Any CPU
	EndGlobalSection
	GlobalSection(ProjectConfigurationPlatforms) = postSolution
		{6214F50F-2EEC-4BE5-9320-C986A3F6E524}.Debug|Any CPU.ActiveCfg = Debug|Any CPU
		{6214F50F-2EEC-4BE5-9320-C986A3F6E524}.Debug|Any CPU.Build.0 = Debug|Any CPU
		{6214F50F-2EEC-4BE5-9320-C986A3F6E524}.Release|Any CPU.ActiveCfg = Release|Any CPU
		{6214F50F-2EEC-4BE5-9320-C986A3F6E524}.Release|Any CPU.Build.0 = Release|Any CPU
	EndGlobalSection
	GlobalSection(SolutionProperties) = preSolution
		HideSolutionNode = FALSE
	EndGlobalSection
	GlobalSection(ExtensibilityGlobals) = postSolution
		SolutionGuid = {B0EFB506-6450-49BF-8B9A-69AE112FD522}
	EndGlobalSection
EndGlobal
